
Microsoft Visual Studio Solution File, Format Version 12.00
# Visual Studio Version 17
VisualStudioVersion = 17.14.37301.10
MinimumVisualStudioVersion = 10.0.40219.1
Project("{FAE04EC0-301F-11D3-BF4B-00C04F79EFBC}") = "FishingStoreApp", "FishingStoreApp\FishingStoreApp.csproj", "{456DCC30-8401-4544-A492-E3E62D481B11}"
EndProject
Project("{FAE04EC0-301F-11D3-BF4B-00C04F79EFBC}") = "FishingStoreApp.Tests", "FishingStoreApp.Tests\FishingStoreApp.Tests.csproj", "{FD6FA7EC-9323-4938-A90A-723B9E909195}"
EndProject
Global
	GlobalSection(SolutionConfigurationPlatforms) = preSolution
		Debug|Any CPU = Debug|Any CPU
		Release|Any CPU = Release|Any CPU
	EndGlobalSection
	GlobalSection(ProjectConfigurationPlatforms) = postSolution
		{456DCC30-8401-4544-A492-E3E62D481B11}.Debug|Any CPU.ActiveCfg = Debug|Any CPU
		{456DCC30-8401-4544-A492-E3E62D481B11}.Debug|Any CPU.Build.0 = Debug|Any CPU
		{456DCC30-8401-4544-A492-E3E62D481B11}.Release|Any CPU.ActiveCfg = Release|Any CPU
		{456DCC30-8401-4544-A492-E3E62D481B11}.Release|Any CPU.Build.0 = Release|Any CPU
		{FD6FA7EC-9323-4938-A90A-723B9E909195}.Debug|Any CPU.ActiveCfg = Debug|Any CPU
		{FD6FA7EC-9323-4938-A90A-723B9E909195}.Debug|Any CPU.Build.0 = Debug|Any CPU
		{FD6FA7EC-9323-4938-A90A-723B9E909195}.Release|Any CPU.ActiveCfg = Release|Any CPU
		{FD6FA7EC-9323-4938-A90A-723B9E909195}.Release|Any CPU.Build.0 = Release|Any CPU
	EndGlobalSection
	GlobalSection(SolutionProperties) = preSolution
		HideSolutionNode = FALSE
	EndGlobalSection
	GlobalSection(ExtensibilityGlobals) = postSolution
		SolutionGuid = {ADCFD476-A740-4DA2-88A5-0BA6DD377806}
	EndGlobalSection
EndGlobal
